
Microsoft Visual Studio Solution File, Format Version 12.00
# Visual Studio Version 17
VisualStudioVersion = 17.10.35013.160
MinimumVisualStudioVersion = 10.0.40219.1
Project("{FAE04EC0-301F-11D3-BF4B-00C04F79EFBC}") = "API_PPE", "API_PPE.csproj", "{79B02CB7-C227-41F7-874B-6285F65E0F49}"
EndProject
Global
	GlobalSection(SolutionConfigurationPlatforms) = preSolution
		Debug|Any CPU = Debug|Any CPU
		Release|Any CPU = Release|Any CPU
	EndGlobalSection
	GlobalSection(ProjectConfigurationPlatforms) = postSolution
		{79B02CB7-C227-41F7-874B-6285F65E0F49}.Debug|Any CPU.ActiveCfg = Debug|Any CPU
		{79B02CB7-C227-41F7-874B-6285F65E0F49}.Debug|Any CPU.Build.0 = Debug|Any CPU
		{79B02CB7-C227-41F7-874B-6285F65E0F49}.Release|Any CPU.ActiveCfg = Release|Any CPU
		{79B02CB7-C227-41F7-874B-6285F65E0F49}.Release|Any CPU.Build.0 = Release|Any CPU
	EndGlobalSection
	GlobalSection(SolutionProperties) = preSolution
		HideSolutionNode = FALSE
	EndGlobalSection
	GlobalSection(ExtensibilityGlobals) = postSolution
		SolutionGuid = {02AFBD38-7DF3-4DB2-8EDA-5E9EAB2021DE}
	EndGlobalSection
EndGlobal
